
Microsoft Visual Studio Solution File, Format Version 12.00
# Visual Studio Version 17
VisualStudioVersion = 17.5.33516.290
MinimumVisualStudioVersion = 10.0.40219.1
Project("{FAE04EC0-301F-11D3-BF4B-00C04F79EFBC}") = "EfCrudCalisma", "EfCrudCalisma\EfCrudCalisma.csproj", "{6DF2D11A-2D71-482D-BD4F-A0107FB9732C}"
EndProject
Global
	GlobalSection(SolutionConfigurationPlatforms) = preSolution
		Debug|Any CPU = Debug|Any CPU
		Release|Any CPU = Release|Any CPU
	EndGlobalSection
	GlobalSection(ProjectConfigurationPlatforms) = postSolution
		{6DF2D11A-2D71-482D-BD4F-A0107FB9732C}.Debug|Any CPU.ActiveCfg = Debug|Any CPU
		{6DF2D11A-2D71-482D-BD4F-A0107FB9732C}.Debug|Any CPU.Build.0 = Debug|Any CPU
		{6DF2D11A-2D71-482D-BD4F-A0107FB9732C}.Release|Any CPU.ActiveCfg = Release|Any CPU
		{6DF2D11A-2D71-482D-BD4F-A0107FB9732C}.Release|Any CPU.Build.0 = Release|Any CPU
	EndGlobalSection
	GlobalSection(SolutionProperties) = preSolution
		HideSolutionNode = FALSE
	EndGlobalSection
	GlobalSection(ExtensibilityGlobals) = postSolution
		SolutionGuid = {43A016E9-CD76-4985-838A-E9ED188A103C}
	EndGlobalSection
EndGlobal
